
Microsoft Visual Studio Solution File, Format Version 12.00
# Visual Studio Version 16
VisualStudioVersion = 16.0.30907.101
MinimumVisualStudioVersion = 10.0.40219.1
Project("{FAE04EC0-301F-11D3-BF4B-00C04F79EFBC}") = "TouristWebProject0", "TouristWebProject0\TouristWebProject0.csproj", "{2D00E3C4-7F8E-4999-A5C4-2A3DDAAA431E}"
EndProject
Global
	GlobalSection(SolutionConfigurationPlatforms) = preSolution
		Debug|Any CPU = Debug|Any CPU
		Release|Any CPU = Release|Any CPU
	EndGlobalSection
	GlobalSection(ProjectConfigurationPlatforms) = postSolution
		{2D00E3C4-7F8E-4999-A5C4-2A3DDAAA431E}.Debug|Any CPU.ActiveCfg = Debug|Any CPU
		{2D00E3C4-7F8E-4999-A5C4-2A3DDAAA431E}.Debug|Any CPU.Build.0 = Debug|Any CPU
		{2D00E3C4-7F8E-4999-A5C4-2A3DDAAA431E}.Release|Any CPU.ActiveCfg = Release|Any CPU
		{2D00E3C4-7F8E-4999-A5C4-2A3DDAAA431E}.Release|Any CPU.Build.0 = Release|Any CPU
	EndGlobalSection
	GlobalSection(SolutionProperties) = preSolution
		HideSolutionNode = FALSE
	EndGlobalSection
	GlobalSection(ExtensibilityGlobals) = postSolution
		SolutionGuid = {8B6EB130-EE7A-4636-AC9C-05943EB1B258}
	EndGlobalSection
EndGlobal
